
Microsoft Visual Studio Solution File, Format Version 12.00
# Visual Studio Version 16
VisualStudioVersion = 16.0.30907.101
MinimumVisualStudioVersion = 10.0.40219.1
Project("{FAE04EC0-301F-11D3-BF4B-00C04F79EFBC}") = "AppFrancisco", "AppFrancisco.csproj", "{D162566F-134C-403F-AA63-FA00EA9E463F}"
EndProject
Global
	GlobalSection(SolutionConfigurationPlatforms) = preSolution
		Debug|Any CPU = Debug|Any CPU
		Release|Any CPU = Release|Any CPU
	EndGlobalSection
	GlobalSection(ProjectConfigurationPlatforms) = postSolution
		{D162566F-134C-403F-AA63-FA00EA9E463F}.Debug|Any CPU.ActiveCfg = Debug|Any CPU
		{D162566F-134C-403F-AA63-FA00EA9E463F}.Debug|Any CPU.Build.0 = Debug|Any CPU
		{D162566F-134C-403F-AA63-FA00EA9E463F}.Release|Any CPU.ActiveCfg = Release|Any CPU
		{D162566F-134C-403F-AA63-FA00EA9E463F}.Release|Any CPU.Build.0 = Release|Any CPU
	EndGlobalSection
	GlobalSection(SolutionProperties) = preSolution
		HideSolutionNode = FALSE
	EndGlobalSection
	GlobalSection(ExtensibilityGlobals) = postSolution
		SolutionGuid = {8D3B694E-95AD-440F-975D-910F9C773B3E}
	EndGlobalSection
EndGlobal
